// !$*UTF8*$!
{
	archiveVersion = 1;
	classes = {
	};
	objectVersion = 56;
	objects = {

/* Begin PBXBuildFile section */
		F32A14D72C06D00200DB844E /* UIViewControllers+Utils.swift in Sources */ = {isa = PBXBuildFile; fileRef = F32A14D62C06D00200DB844E /* UIViewControllers+Utils.swift */; };
		F32A14D92C06D30000DB844E /* MainViewController.swift in Sources */ = {isa = PBXBuildFile; fileRef = F32A14D82C06D30000DB844E /* MainViewController.swift */; };
		F38981C92BEF747D00540997 /* AppDelegate.swift in Sources */ = {isa = PBXBuildFile; fileRef = F38981C82BEF747D00540997 /* AppDelegate.swift */; };
		F38981CD2BEF747D00540997 /* LoginViewController.swift in Sources */ = {isa = PBXBuildFile; fileRef = F38981CC2BEF747D00540997 /* LoginViewController.swift */; };
		F38981D22BEF747E00540997 /* Assets.xcassets in Resources */ = {isa = PBXBuildFile; fileRef = F38981D12BEF747E00540997 /* Assets.xcassets */; };
		F38981D52BEF747E00540997 /* Base in Resources */ = {isa = PBXBuildFile; fileRef = F38981D42BEF747E00540997 /* Base */; };
		F38981DF2BEF798D00540997 /* LoginView.swift in Sources */ = {isa = PBXBuildFile; fileRef = F38981DE2BEF798D00540997 /* LoginView.swift */; };
		F38982022BF3006100540997 /* OnboardingContainerViewController.swift in Sources */ = {isa = PBXBuildFile; fileRef = F38982012BF3006100540997 /* OnboardingContainerViewController.swift */; };
		F38CD4B12BF8AE7A00805558 /* OnboardingViewController.swift in Sources */ = {isa = PBXBuildFile; fileRef = F38CD4B02BF8AE7A00805558 /* OnboardingViewController.swift */; };
		F38CD4B32BFEF64400805558 /* DummyViewContoller.swift in Sources */ = {isa = PBXBuildFile; fileRef = F38CD4B22BFEF64400805558 /* DummyViewContoller.swift */; };
		F38CD4B62C03123C00805558 /* LocalState.swift in Sources */ = {isa = PBXBuildFile; fileRef = F38CD4B52C03123C00805558 /* LocalState.swift */; };
/* End PBXBuildFile section */

/* Begin PBXFileReference section */
		F32A14D62C06D00200DB844E /* UIViewControllers+Utils.swift */ = {isa = PBXFileReference; lastKnownFileType = sourcecode.swift; path = "UIViewControllers+Utils.swift"; sourceTree = "<group>"; };
		F32A14D82C06D30000DB844E /* MainViewController.swift */ = {isa = PBXFileReference; lastKnownFileType = sourcecode.swift; path = MainViewController.swift; sourceTree = "<group>"; };
		F38981C52BEF747D00540997 /* Bankey.app */ = {isa = PBXFileReference; explicitFileType = wrapper.application; includeInIndex = 0; path = Bankey.app; sourceTree = BUILT_PRODUCTS_DIR; };
		F38981C82BEF747D00540997 /* AppDelegate.swift */ = {isa = PBXFileReference; lastKnownFileType = sourcecode.swift; path = AppDelegate.swift; sourceTree = "<group>"; };
		F38981CC2BEF747D00540997 /* LoginViewController.swift */ = {isa = PBXFileReference; lastKnownFileType = sourcecode.swift; path = LoginViewController.swift; sourceTree = "<group>"; };
		F38981D12BEF747E00540997 /* Assets.xcassets */ = {isa = PBXFileReference; lastKnownFileType = folder.assetcatalog; path = Assets.xcassets; sourceTree = "<group>"; };
		F38981D42BEF747E00540997 /* Base */ = {isa = PBXFileReference; lastKnownFileType = file.storyboard; name = Base; path = Base.lproj/LaunchScreen.storyboard; sourceTree = "<group>"; };
		F38981D62BEF747E00540997 /* Info.plist */ = {isa = PBXFileReference; lastKnownFileType = text.plist.xml; path = Info.plist; sourceTree = "<group>"; };
		F38981DE2BEF798D00540997 /* LoginView.swift */ = {isa = PBXFileReference; lastKnownFileType = sourcecode.swift; path = LoginView.swift; sourceTree = "<group>"; };
		F38982012BF3006100540997 /* OnboardingContainerViewController.swift */ = {isa = PBXFileReference; lastKnownFileType = sourcecode.swift; path = OnboardingContainerViewController.swift; sourceTree = "<group>"; };
		F38CD4B02BF8AE7A00805558 /* OnboardingViewController.swift */ = {isa = PBXFileReference; lastKnownFileType = sourcecode.swift; path = OnboardingViewController.swift; sourceTree = "<group>"; };
		F38CD4B22BFEF64400805558 /* DummyViewContoller.swift */ = {isa = PBXFileReference; lastKnownFileType = sourcecode.swift; path = DummyViewContoller.swift; sourceTree = "<group>"; };
		F38CD4B52C03123C00805558 /* LocalState.swift */ = {isa = PBXFileReference; lastKnownFileType = sourcecode.swift; path = LocalState.swift; sourceTree = "<group>"; };
/* End PBXFileReference section */

/* Begin PBXFrameworksBuildPhase section */
		F38981C22BEF747D00540997 /* Frameworks */ = {
			isa = PBXFrameworksBuildPhase;
			buildActionMask = 2147483647;
			files = (
			);
			runOnlyForDeploymentPostprocessing = 0;
		};
/* End PBXFrameworksBuildPhase section */

/* Begin PBXGroup section */
		F38981BC2BEF747D00540997 = {
			isa = PBXGroup;
			children = (
				F38981C72BEF747D00540997 /* Bankey */,
				F38981C62BEF747D00540997 /* Products */,
			);
			sourceTree = "<group>";
		};
		F38981C62BEF747D00540997 /* Products */ = {
			isa = PBXGroup;
			children = (
				F38981C52BEF747D00540997 /* Bankey.app */,
			);
			name = Products;
			sourceTree = "<group>";
		};
		F38981C72BEF747D00540997 /* Bankey */ = {
			isa = PBXGroup;
			children = (
				F38981C82BEF747D00540997 /* AppDelegate.swift */,
				F38981DD2BEF795800540997 /* Login */,
				F38982002BF3001200540997 /* Onboarding */,
				F38CD4B42C03122300805558 /* Utils */,
				F38981DC2BEF78ED00540997 /* Files */,
				F32A14D82C06D30000DB844E /* MainViewController.swift */,
			);
			path = Bankey;
			sourceTree = "<group>";
		};
		F38981DC2BEF78ED00540997 /* Files */ = {
			isa = PBXGroup;
			children = (
				F38981D12BEF747E00540997 /* Assets.xcassets */,
				F38981D32BEF747E00540997 /* LaunchScreen.storyboard */,
				F38981D62BEF747E00540997 /* Info.plist */,
			);
			name = Files;
			sourceTree = "<group>";
		};
		F38981DD2BEF795800540997 /* Login */ = {
			isa = PBXGroup;
			children = (
				F38981CC2BEF747D00540997 /* LoginViewController.swift */,
				F38981DE2BEF798D00540997 /* LoginView.swift */,
				F38CD4B22BFEF64400805558 /* DummyViewContoller.swift */,
			);
			name = Login;
			sourceTree = "<group>";
		};
		F38982002BF3001200540997 /* Onboarding */ = {
			isa = PBXGroup;
			children = (
				F38982012BF3006100540997 /* OnboardingContainerViewController.swift */,
				F38CD4B02BF8AE7A00805558 /* OnboardingViewController.swift */,
			);
			name = Onboarding;
			sourceTree = "<group>";
		};
		F38CD4B42C03122300805558 /* Utils */ = {
			isa = PBXGroup;
			children = (
				F38CD4B52C03123C00805558 /* LocalState.swift */,
				F32A14D62C06D00200DB844E /* UIViewControllers+Utils.swift */,
			);
			name = Utils;
			sourceTree = "<group>";
		};
/* End PBXGroup section */

/* Begin PBXNativeTarget section */
		F38981C42BEF747D00540997 /* Bankey */ = {
			isa = PBXNativeTarget;
			buildConfigurationList = F38981D92BEF747E00540997 /* Build configuration list for PBXNativeTarget "Bankey" */;
			buildPhases = (
				F38981C12BEF747D00540997 /* Sources */,
				F38981C22BEF747D00540997 /* Frameworks */,
				F38981C32BEF747D00540997 /* Resources */,
			);
			buildRules = (
			);
			dependencies = (
			);
			name = Bankey;
			productName = Bankey;
			productReference = F38981C52BEF747D00540997 /* Bankey.app */;
			productType = "com.apple.product-type.application";
		};
/* End PBXNativeTarget section */

/* Begin PBXProject section */
		F38981BD2BEF747D00540997 /* Project object */ = {
			isa = PBXProject;
			attributes = {
				BuildIndependentTargetsInParallel = 1;
				LastSwiftUpdateCheck = 1530;
				LastUpgradeCheck = 1530;
				TargetAttributes = {
					F38981C42BEF747D00540997 = {
						CreatedOnToolsVersion = 15.3;
					};
				};
			};
			buildConfigurationList = F38981C02BEF747D00540997 /* Build configuration list for PBXProject "Bankey" */;
			compatibilityVersion = "Xcode 14.0";
			developmentRegion = en;
			hasScannedForEncodings = 0;
			knownRegions = (
				en,
				Base,
			);
			mainGroup = F38981BC2BEF747D00540997;
			productRefGroup = F38981C62BEF747D00540997 /* Products */;
			projectDirPath = "";
			projectRoot = "";
			targets = (
				F38981C42BEF747D00540997 /* Bankey */,
			);
		};
/* End PBXProject section */

/* Begin PBXResourcesBuildPhase section */
		F38981C32BEF747D00540997 /* Resources */ = {
			isa = PBXResourcesBuildPhase;
			buildActionMask = 2147483647;
			files = (
				F38981D22BEF747E00540997 /* Assets.xcassets in Resources */,
				F38981D52BEF747E00540997 /* Base in Resources */,
			);
			runOnlyForDeploymentPostprocessing = 0;
		};
/* End PBXResourcesBuildPhase section */

/* Begin PBXSourcesBuildPhase section */
		F38981C12BEF747D00540997 /* Sources */ = {
			isa = PBXSourcesBuildPhase;
			buildActionMask = 2147483647;
			files = (
				F38981DF2BEF798D00540997 /* LoginView.swift in Sources */,
				F38CD4B62C03123C00805558 /* LocalState.swift in Sources */,
				F38981CD2BEF747D00540997 /* LoginViewController.swift in Sources */,
				F38CD4B12BF8AE7A00805558 /* OnboardingViewController.swift in Sources */,
				F32A14D72C06D00200DB844E /* UIViewControllers+Utils.swift in Sources */,
				F38981C92BEF747D00540997 /* AppDelegate.swift in Sources */,
				F32A14D92C06D30000DB844E /* MainViewController.swift in Sources */,
				F38CD4B32BFEF64400805558 /* DummyViewContoller.swift in Sources */,
				F38982022BF3006100540997 /* OnboardingContainerViewController.swift in Sources */,
			);
			runOnlyForDeploymentPostprocessing = 0;
		};
/* End PBXSourcesBuildPhase section */

/* Begin PBXVariantGroup section */
		F38981D32BEF747E00540997 /* LaunchScreen.storyboard */ = {
			isa = PBXVariantGroup;
			children = (
				F38981D42BEF747E00540997 /* Base */,
			);
			name = LaunchScreen.storyboard;
			sourceTree = "<group>";
		};
/* End PBXVariantGroup section */

/* Begin XCBuildConfiguration section */
		F38981D72BEF747E00540997 /* Debug */ = {
			isa = XCBuildConfiguration;
			buildSettings = {
				ALWAYS_SEARCH_USER_PATHS = NO;
				ASSETCATALOG_COMPILER_GENERATE_SWIFT_ASSET_SYMBOL_EXTENSIONS = YES;
				CLANG_ANALYZER_NONNULL = YES;
				CLANG_ANALYZER_NUMBER_OBJECT_CONVERSION = YES_AGGRESSIVE;
				CLANG_CXX_LANGUAGE_STANDARD = "gnu++20";
				CLANG_ENABLE_MODULES = YES;
				CLANG_ENABLE_OBJC_ARC = YES;
				CLANG_ENABLE_OBJC_WEAK = YES;
				CLANG_WARN_BLOCK_CAPTURE_AUTORELEASING = YES;
				CLANG_WARN_BOOL_CONVERSION = YES;
				CLANG_WARN_COMMA = YES;
				CLANG_WARN_CONSTANT_CONVERSION = YES;
				CLANG_WARN_DEPRECATED_OBJC_IMPLEMENTATIONS = YES;
				CLANG_WARN_DIRECT_OBJC_ISA_USAGE = YES_ERROR;
				CLANG_WARN_DOCUMENTATION_COMMENTS = YES;
				CLANG_WARN_EMPTY_BODY = YES;
				CLANG_WARN_ENUM_CONVERSION = YES;
				CLANG_WARN_INFINITE_RECURSION = YES;
				CLANG_WARN_INT_CONVERSION = YES;
				CLANG_WARN_NON_LITERAL_NULL_CONVERSION = YES;
				CLANG_WARN_OBJC_IMPLICIT_RETAIN_SELF = YES;
				CLANG_WARN_OBJC_LITERAL_CONVERSION = YES;
				CLANG_WARN_OBJC_ROOT_CLASS = YES_ERROR;
				CLANG_WARN_QUOTED_INCLUDE_IN_FRAMEWORK_HEADER = YES;
				CLANG_WARN_RANGE_LOOP_ANALYSIS = YES;
				CLANG_WARN_STRICT_PROTOTYPES = YES;
				CLANG_WARN_SUSPICIOUS_MOVE = YES;
				CLANG_WARN_UNGUARDED_AVAILABILITY = YES_AGGRESSIVE;
				CLANG_WARN_UNREACHABLE_CODE = YES;
				CLANG_WARN__DUPLICATE_METHOD_MATCH = YES;
				COPY_PHASE_STRIP = NO;
				DEBUG_INFORMATION_FORMAT = dwarf;
				ENABLE_STRICT_OBJC_MSGSEND = YES;
				ENABLE_TESTABILITY = YES;
				ENABLE_USER_SCRIPT_SANDBOXING = YES;
				GCC_C_LANGUAGE_STANDARD = gnu17;
				GCC_DYNAMIC_NO_PIC = NO;
				GCC_NO_COMMON_BLOCKS = YES;
				GCC_OPTIMIZATION_LEVEL = 0;
				GCC_PREPROCESSOR_DEFINITIONS = (
					"DEBUG=1",
					"$(inherited)",
				);
				GCC_WARN_64_TO_32_BIT_CONVERSION = YES;
				GCC_WARN_ABOUT_RETURN_TYPE = YES_ERROR;
				GCC_WARN_UNDECLARED_SELECTOR = YES;
				GCC_WARN_UNINITIALIZED_AUTOS = YES_AGGRESSIVE;
				GCC_WARN_UNUSED_FUNCTION = YES;
				GCC_WARN_UNUSED_VARIABLE = YES;
				IPHONEOS_DEPLOYMENT_TARGET = 17.4;
				LOCALIZATION_PREFERS_STRING_CATALOGS = YES;
				MTL_ENABLE_DEBUG_INFO = INCLUDE_SOURCE;
				MTL_FAST_MATH = YES;
				ONLY_ACTIVE_ARCH = YES;
				SDKROOT = iphoneos;
				SWIFT_ACTIVE_COMPILATION_CONDITIONS = "DEBUG $(inherited)";
				SWIFT_OPTIMIZATION_LEVEL = "-Onone";
			};
			name = Debug;
		};
		F38981D82BEF747E00540997 /* Release */ = {
			isa = XCBuildConfiguration;
			buildSettings = {
				ALWAYS_SEARCH_USER_PATHS = NO;
				ASSETCATALOG_COMPILER_GENERATE_SWIFT_ASSET_SYMBOL_EXTENSIONS = YES;
				CLANG_ANALYZER_NONNULL = YES;
				CLANG_ANALYZER_NUMBER_OBJECT_CONVERSION = YES_AGGRESSIVE;
				CLANG_CXX_LANGUAGE_STANDARD = "gnu++20";
				CLANG_ENABLE_MODULES = YES;
				CLANG_ENABLE_OBJC_ARC = YES;
				CLANG_ENABLE_OBJC_WEAK = YES;
				CLANG_WARN_BLOCK_CAPTURE_AUTORELEASING = YES;
				CLANG_WARN_BOOL_CONVERSION = YES;
				CLANG_WARN_COMMA = YES;
				CLANG_WARN_CONSTANT_CONVERSION = YES;
				CLANG_WARN_DEPRECATED_OBJC_IMPLEMENTATIONS = YES;
				CLANG_WARN_DIRECT_OBJC_ISA_USAGE = YES_ERROR;
				CLANG_WARN_DOCUMENTATION_COMMENTS = YES;
				CLANG_WARN_EMPTY_BODY = YES;
				CLANG_WARN_ENUM_CONVERSION = YES;
				CLANG_WARN_INFINITE_RECURSION = YES;
				CLANG_WARN_INT_CONVERSION = YES;
				CLANG_WARN_NON_LITERAL_NULL_CONVERSION = YES;
				CLANG_WARN_OBJC_IMPLICIT_RETAIN_SELF = YES;
				CLANG_WARN_OBJC_LITERAL_CONVERSION = YES;
				CLANG_WARN_OBJC_ROOT_CLASS = YES_ERROR;
				CLANG_WARN_QUOTED_INCLUDE_IN_FRAMEWORK_HEADER = YES;
				CLANG_WARN_RANGE_LOOP_ANALYSIS = YES;
				CLANG_WARN_STRICT_PROTOTYPES = YES;
				CLANG_WARN_SUSPICIOUS_MOVE = YES;
				CLANG_WARN_UNGUARDED_AVAILABILITY = YES_AGGRESSIVE;
				CLANG_WARN_UNREACHABLE_CODE = YES;
				CLANG_WARN__DUPLICATE_METHOD_MATCH = YES;
				COPY_PHASE_STRIP = NO;
				DEBUG_INFORMATION_FORMAT = "dwarf-with-dsym";
				ENABLE_NS_ASSERTIONS = NO;
				ENABLE_STRICT_OBJC_MSGSEND = YES;
				ENABLE_USER_SCRIPT_SANDBOXING = YES;
				GCC_C_LANGUAGE_STANDARD = gnu17;
				GCC_NO_COMMON_BLOCKS = YES;
				GCC_WARN_64_TO_32_BIT_CONVERSION = YES;
				GCC_WARN_ABOUT_RETURN_TYPE = YES_ERROR;
				GCC_WARN_UNDECLARED_SELECTOR = YES;
				GCC_WARN_UNINITIALIZED_AUTOS = YES_AGGRESSIVE;
				GCC_WARN_UNUSED_FUNCTION = YES;
				GCC_WARN_UNUSED_VARIABLE = YES;
				IPHONEOS_DEPLOYMENT_TARGET = 17.4;
				LOCALIZATION_PREFERS_STRING_CATALOGS = YES;
				MTL_ENABLE_DEBUG_INFO = NO;
				MTL_FAST_MATH = YES;
				SDKROOT = iphoneos;
				SWIFT_COMPILATION_MODE = wholemodule;
				VALIDATE_PRODUCT = YES;
			};
			name = Release;
		};
		F38981DA2BEF747E00540997 /* Debug */ = {
			isa = XCBuildConfiguration;
			buildSettings = {
				ASSETCATALOG_COMPILER_APPICON_NAME = AppIcon;
				ASSETCATALOG_COMPILER_GLOBAL_ACCENT_COLOR_NAME = AccentColor;
				CODE_SIGN_STYLE = Automatic;
				CURRENT_PROJECT_VERSION = 1;
				DEVELOPMENT_TEAM = LR5PU5U488;
				GENERATE_INFOPLIST_FILE = YES;
				INFOPLIST_FILE = Bankey/Info.plist;
				INFOPLIST_KEY_UIApplicationSupportsIndirectInputEvents = YES;
				INFOPLIST_KEY_UILaunchStoryboardName = LaunchScreen;
				INFOPLIST_KEY_UISupportedInterfaceOrientations_iPad = "UIInterfaceOrientationPortrait UIInterfaceOrientationPortraitUpsideDown UIInterfaceOrientationLandscapeLeft UIInterfaceOrientationLandscapeRight";
				INFOPLIST_KEY_UISupportedInterfaceOrientations_iPhone = "UIInterfaceOrientationPortrait UIInterfaceOrientationLandscapeLeft UIInterfaceOrientationLandscapeRight";
				LD_RUNPATH_SEARCH_PATHS = (
					"$(inherited)",
					"@executable_path/Frameworks",
				);
				MARKETING_VERSION = 1.0;
				PRODUCT_BUNDLE_IDENTIFIER = com.ChengLunHung.Bankey;
				PRODUCT_NAME = "$(TARGET_NAME)";
				SWIFT_EMIT_LOC_STRINGS = YES;
				SWIFT_VERSION = 5.0;
				TARGETED_DEVICE_FAMILY = "1,2";
			};
			name = Debug;
		};
		F38981DB2BEF747E00540997 /* Release */ = {
			isa = XCBuildConfiguration;
			buildSettings = {
				ASSETCATALOG_COMPILER_APPICON_NAME = AppIcon;
				ASSETCATALOG_COMPILER_GLOBAL_ACCENT_COLOR_NAME = AccentColor;
				CODE_SIGN_STYLE = Automatic;
				CURRENT_PROJECT_VERSION = 1;
				DEVELOPMENT_TEAM = LR5PU5U488;
				GENERATE_INFOPLIST_FILE = YES;
				INFOPLIST_FILE = Bankey/Info.plist;
				INFOPLIST_KEY_UIApplicationSupportsIndirectInputEvents = YES;
				INFOPLIST_KEY_UILaunchStoryboardName = LaunchScreen;
				INFOPLIST_KEY_UISupportedInterfaceOrientations_iPad = "UIInterfaceOrientationPortrait UIInterfaceOrientationPortraitUpsideDown UIInterfaceOrientationLandscapeLeft UIInterfaceOrientationLandscapeRight";
				INFOPLIST_KEY_UISupportedInterfaceOrientations_iPhone = "UIInterfaceOrientationPortrait UIInterfaceOrientationLandscapeLeft UIInterfaceOrientationLandscapeRight";
				LD_RUNPATH_SEARCH_PATHS = (
					"$(inherited)",
					"@executable_path/Frameworks",
				);
				MARKETING_VERSION = 1.0;
				PRODUCT_BUNDLE_IDENTIFIER = com.ChengLunHung.Bankey;
				PRODUCT_NAME = "$(TARGET_NAME)";
				SWIFT_EMIT_LOC_STRINGS = YES;
				SWIFT_VERSION = 5.0;
				TARGETED_DEVICE_FAMILY = "1,2";
			};
			name = Release;
		};
/* End XCBuildConfiguration section */

/* Begin XCConfigurationList section */
		F38981C02BEF747D00540997 /* Build configuration list for PBXProject "Bankey" */ = {
			isa = XCConfigurationList;
			buildConfigurations = (
				F38981D72BEF747E00540997 /* Debug */,
				F38981D82BEF747E00540997 /* Release */,
			);
			defaultConfigurationIsVisible = 0;
			defaultConfigurationName = Release;
		};
		F38981D92BEF747E00540997 /* Build configuration list for PBXNativeTarget "Bankey" */ = {
			isa = XCConfigurationList;
			buildConfigurations = (
				F38981DA2BEF747E00540997 /* Debug */,
				F38981DB2BEF747E00540997 /* Release */,
			);
			defaultConfigurationIsVisible = 0;
			defaultConfigurationName = Release;
		};
/* End XCConfigurationList section */
	};
	rootObject = F38981BD2BEF747D00540997 /* Project object */;
}
